
Microsoft Visual Studio Solution File, Format Version 12.00
Project("{2150E333-8FDC-42A3-9474-1A3956D46DE8}") = "Executables", "Executables", "{B81BDC84-4747-42DB-8425-02D3378C25D4}"
EndProject
Project("{2150E333-8FDC-42A3-9474-1A3956D46DE8}") = "Applications", "Applications", "{C7F20134-F26F-4637-A529-8F225EEF83E7}"
EndProject
Project("{2150E333-8FDC-42A3-9474-1A3956D46DE8}") = "Services", "Services", "{9F495475-6404-45C2-8FDC-A666FEA95CB9}"
EndProject
Project("{2150E333-8FDC-42A3-9474-1A3956D46DE8}") = "Infrastructure", "Infrastructure", "{DA442B5F-BE27-40C2-ABFA-329B35546043}"
EndProject
Project("{FAE04EC0-301F-11D3-BF4B-00C04F79EFBC}") = "PaimonBot", "PaimonBot\PaimonBot.csproj", "{AB7EFAE6-38B9-4A47-B18C-CB285A8ACE96}"
EndProject
Global
	GlobalSection(SolutionConfigurationPlatforms) = preSolution
		Debug|Any CPU = Debug|Any CPU
		Release|Any CPU = Release|Any CPU
	EndGlobalSection
	GlobalSection(ProjectConfigurationPlatforms) = postSolution
		{AB7EFAE6-38B9-4A47-B18C-CB285A8ACE96}.Debug|Any CPU.ActiveCfg = Debug|Any CPU
		{AB7EFAE6-38B9-4A47-B18C-CB285A8ACE96}.Debug|Any CPU.Build.0 = Debug|Any CPU
		{AB7EFAE6-38B9-4A47-B18C-CB285A8ACE96}.Release|Any CPU.ActiveCfg = Release|Any CPU
		{AB7EFAE6-38B9-4A47-B18C-CB285A8ACE96}.Release|Any CPU.Build.0 = Release|Any CPU
	EndGlobalSection
	GlobalSection(NestedProjects) = preSolution
		{AB7EFAE6-38B9-4A47-B18C-CB285A8ACE96} = {B81BDC84-4747-42DB-8425-02D3378C25D4}
	EndGlobalSection
EndGlobal
